
Microsoft Visual Studio Solution File, Format Version 12.00
# Visual Studio Version 17
VisualStudioVersion = 17.9.34728.123
MinimumVisualStudioVersion = 10.0.40219.1
Project("{FAE04EC0-301F-11D3-BF4B-00C04F79EFBC}") = "EmpleadosAPI", "EmpleadosAPI.csproj", "{967D15AD-EF9F-439F-9482-065D7A6109B6}"
EndProject
Global
	GlobalSection(SolutionConfigurationPlatforms) = preSolution
		Debug|Any CPU = Debug|Any CPU
		Release|Any CPU = Release|Any CPU
	EndGlobalSection
	GlobalSection(ProjectConfigurationPlatforms) = postSolution
		{967D15AD-EF9F-439F-9482-065D7A6109B6}.Debug|Any CPU.ActiveCfg = Debug|Any CPU
		{967D15AD-EF9F-439F-9482-065D7A6109B6}.Debug|Any CPU.Build.0 = Debug|Any CPU
		{967D15AD-EF9F-439F-9482-065D7A6109B6}.Release|Any CPU.ActiveCfg = Release|Any CPU
		{967D15AD-EF9F-439F-9482-065D7A6109B6}.Release|Any CPU.Build.0 = Release|Any CPU
	EndGlobalSection
	GlobalSection(SolutionProperties) = preSolution
		HideSolutionNode = FALSE
	EndGlobalSection
	GlobalSection(ExtensibilityGlobals) = postSolution
		SolutionGuid = {D58FC694-F010-4EDE-9A24-9A1D65ABAFC7}
	EndGlobalSection
EndGlobal
